# This file is generated by running "yarn install" inside your project.
# Manual changes might be lost - proceed with caution!

__metadata:
  version: 8
  cacheKey: 10c0

"@prisma/debug@npm:5.12.1":
  version: 5.12.1
  resolution: "@prisma/debug@npm:5.12.1"
  checksum: 81fbd488853935717b616382efb8a4282a96920ac2bf8f077096b1cc870c25ea33ff69544c20b09de77d6918511d12a01f8ee2e8000c5b5b27fd52fc1c8d050f
  languageName: node
  linkType: hard

"@prisma/engines-version@npm:5.12.0-21.473ed3124229e22d881cb7addf559799debae1ab":
  version: 5.12.0-21.473ed3124229e22d881cb7addf559799debae1ab
  resolution: "@prisma/engines-version@npm:5.12.0-21.473ed3124229e22d881cb7addf559799debae1ab"
  checksum: 3903d26695f352fee5600e70258c494c8f99b0a2df0d400cdef99b7361e2c63896720c9d77584b198159d045bf5d0ef0eb4bdf902f9ef9002a0da363aec26ff6
  languageName: node
  linkType: hard

"@prisma/engines@npm:5.12.1":
  version: 5.12.1
  resolution: "@prisma/engines@npm:5.12.1"
  dependencies:
    "@prisma/debug": "npm:5.12.1"
    "@prisma/engines-version": "npm:5.12.0-21.473ed3124229e22d881cb7addf559799debae1ab"
    "@prisma/fetch-engine": "npm:5.12.1"
    "@prisma/get-platform": "npm:5.12.1"
  checksum: 248533ad7f747e60544e8e2040f7b81db3b33254cd36b116f7bc905657beb7962af7ee1f658068e415141eeec02f924f88b01febff9b139d36d8ab92e68d12d4
  languageName: node
  linkType: hard

"@prisma/fetch-engine@npm:5.12.1":
  version: 5.12.1
  resolution: "@prisma/fetch-engine@npm:5.12.1"
  dependencies:
    "@prisma/debug": "npm:5.12.1"
    "@prisma/engines-version": "npm:5.12.0-21.473ed3124229e22d881cb7addf559799debae1ab"
    "@prisma/get-platform": "npm:5.12.1"
  checksum: f07cc8e98d9c78c881256c2626f72101dd93df13d7702181a566812728eb4dffab558d2d437ca0ff66db8c81f30b41789a56c59602b229d645dbec021af99c1f
  languageName: node
  linkType: hard

"@prisma/get-platform@npm:5.12.1":
  version: 5.12.1
  resolution: "@prisma/get-platform@npm:5.12.1"
  dependencies:
    "@prisma/debug": "npm:5.12.1"
  checksum: 9efd5f3eb33005c5455c60dfbea0ed83faa6fb463b0c5b0a4e812a9683f2f0d8f96c9710019266e0cd369a5ef7c8a83ddd8ee4f1cafdf32c4db3e19f2b8d8c50
  languageName: node
  linkType: hard

"container-prisma@workspace:.":
  version: 0.0.0-use.local
  resolution: "container-prisma@workspace:."
  dependencies:
    prisma: "npm:^5.12.1"
  languageName: unknown
  linkType: soft

"prisma@npm:^5.12.1":
  version: 5.12.1
  resolution: "prisma@npm:5.12.1"
  dependencies:
    "@prisma/engines": "npm:5.12.1"
  bin:
    prisma: build/index.js
  checksum: 9159752f8eb679d4e3229b4d72d846c71f2666a7f46f45128eeac57e959a356eb189e9ae4ec7a07702e1fe730c745dad5c442e3b5832ae665cd675512afe1b28
  languageName: node
  linkType: hard
